
Microsoft Visual Studio Solution File, Format Version 12.00
Project("{FAE04EC0-301F-11D3-BF4B-00C04F79EFBC}") = "AutoMonitoring.Presentation", "AutoMonitoring.Presentation\AutoMonitoring.Presentation.csproj", "{2FBDC43E-D2D2-495A-A450-603C2C14AB63}"
EndProject
Project("{FAE04EC0-301F-11D3-BF4B-00C04F79EFBC}") = "AutoMonitoring.DAL", "AutoMonitoring.DAL\AutoMonitoring.DAL.csproj", "{7C32B71A-1D0C-44C1-9D77-A238B59FF8BF}"
EndProject
Project("{FAE04EC0-301F-11D3-BF4B-00C04F79EFBC}") = "AutoMonitoring.BLL", "AutoMonitoring.BLL\AutoMonitoring.BLL.csproj", "{D322F15F-EA6D-4992-B6A0-641591D4DA27}"
EndProject
Project("{FAE04EC0-301F-11D3-BF4B-00C04F79EFBC}") = "AutoMonitoring.Domain", "AutoMonitoring.Domain\AutoMonitoring.Domain.csproj", "{017563C4-365C-4A6E-B0B0-4005FCE74F8F}"
EndProject
Project("{2150E333-8FDC-42A3-9474-1A3956D46DE8}") = "Solution Items", "Solution Items", "{EE603D24-7C4D-44FC-831D-90F87E9147ED}"
	ProjectSection(SolutionItems) = preProject
		docker-compose.yml = docker-compose.yml
	EndProjectSection
EndProject
Global
	GlobalSection(SolutionConfigurationPlatforms) = preSolution
		Debug|Any CPU = Debug|Any CPU
		Release|Any CPU = Release|Any CPU
	EndGlobalSection
	GlobalSection(ProjectConfigurationPlatforms) = postSolution
		{2FBDC43E-D2D2-495A-A450-603C2C14AB63}.Debug|Any CPU.ActiveCfg = Debug|Any CPU
		{2FBDC43E-D2D2-495A-A450-603C2C14AB63}.Debug|Any CPU.Build.0 = Debug|Any CPU
		{2FBDC43E-D2D2-495A-A450-603C2C14AB63}.Release|Any CPU.ActiveCfg = Release|Any CPU
		{2FBDC43E-D2D2-495A-A450-603C2C14AB63}.Release|Any CPU.Build.0 = Release|Any CPU
		{7C32B71A-1D0C-44C1-9D77-A238B59FF8BF}.Debug|Any CPU.ActiveCfg = Debug|Any CPU
		{7C32B71A-1D0C-44C1-9D77-A238B59FF8BF}.Debug|Any CPU.Build.0 = Debug|Any CPU
		{7C32B71A-1D0C-44C1-9D77-A238B59FF8BF}.Release|Any CPU.ActiveCfg = Release|Any CPU
		{7C32B71A-1D0C-44C1-9D77-A238B59FF8BF}.Release|Any CPU.Build.0 = Release|Any CPU
		{D322F15F-EA6D-4992-B6A0-641591D4DA27}.Debug|Any CPU.ActiveCfg = Debug|Any CPU
		{D322F15F-EA6D-4992-B6A0-641591D4DA27}.Debug|Any CPU.Build.0 = Debug|Any CPU
		{D322F15F-EA6D-4992-B6A0-641591D4DA27}.Release|Any CPU.ActiveCfg = Release|Any CPU
		{D322F15F-EA6D-4992-B6A0-641591D4DA27}.Release|Any CPU.Build.0 = Release|Any CPU
		{017563C4-365C-4A6E-B0B0-4005FCE74F8F}.Debug|Any CPU.ActiveCfg = Debug|Any CPU
		{017563C4-365C-4A6E-B0B0-4005FCE74F8F}.Debug|Any CPU.Build.0 = Debug|Any CPU
		{017563C4-365C-4A6E-B0B0-4005FCE74F8F}.Release|Any CPU.ActiveCfg = Release|Any CPU
		{017563C4-365C-4A6E-B0B0-4005FCE74F8F}.Release|Any CPU.Build.0 = Release|Any CPU
	EndGlobalSection
EndGlobal
